
Microsoft Visual Studio Solution File, Format Version 12.00
# Visual Studio Version 16
VisualStudioVersion = 16.0.30517.126
MinimumVisualStudioVersion = 10.0.40219.1
Project("{FAE04EC0-301F-11D3-BF4B-00C04F79EFBC}") = "PlotFDEM", "PlotFDEM\PlotFDEM.csproj", "{50741FF5-8F0B-4C94-B661-A1E673B6D136}"
EndProject
Project("{FAE04EC0-301F-11D3-BF4B-00C04F79EFBC}") = "SinglePlot", "..\..\..\..\..\Other\C#Projects\SinglePlot\SinglePlot.csproj", "{C77086D3-D29F-442D-B5EB-42C16CDF5703}"
EndProject
Project("{FAE04EC0-301F-11D3-BF4B-00C04F79EFBC}") = "Animation", "animation\animation\Animation.csproj", "{6BF04A54-6AF9-4EB2-9D73-E0FC1BC01378}"
EndProject
Global
	GlobalSection(SolutionConfigurationPlatforms) = preSolution
		Debug|Any CPU = Debug|Any CPU
		Debug|x86 = Debug|x86
		Release|Any CPU = Release|Any CPU
		Release|x86 = Release|x86
	EndGlobalSection
	GlobalSection(ProjectConfigurationPlatforms) = postSolution
		{50741FF5-8F0B-4C94-B661-A1E673B6D136}.Debug|Any CPU.ActiveCfg = Debug|Any CPU
		{50741FF5-8F0B-4C94-B661-A1E673B6D136}.Debug|Any CPU.Build.0 = Debug|Any CPU
		{50741FF5-8F0B-4C94-B661-A1E673B6D136}.Debug|x86.ActiveCfg = Debug|Any CPU
		{50741FF5-8F0B-4C94-B661-A1E673B6D136}.Debug|x86.Build.0 = Debug|Any CPU
		{50741FF5-8F0B-4C94-B661-A1E673B6D136}.Release|Any CPU.ActiveCfg = Release|Any CPU
		{50741FF5-8F0B-4C94-B661-A1E673B6D136}.Release|Any CPU.Build.0 = Release|Any CPU
		{50741FF5-8F0B-4C94-B661-A1E673B6D136}.Release|x86.ActiveCfg = Release|Any CPU
		{50741FF5-8F0B-4C94-B661-A1E673B6D136}.Release|x86.Build.0 = Release|Any CPU
		{C77086D3-D29F-442D-B5EB-42C16CDF5703}.Debug|Any CPU.ActiveCfg = Debug|x86
		{C77086D3-D29F-442D-B5EB-42C16CDF5703}.Debug|x86.ActiveCfg = Debug|x86
		{C77086D3-D29F-442D-B5EB-42C16CDF5703}.Debug|x86.Build.0 = Debug|x86
		{C77086D3-D29F-442D-B5EB-42C16CDF5703}.Release|Any CPU.ActiveCfg = Release|x86
		{C77086D3-D29F-442D-B5EB-42C16CDF5703}.Release|x86.ActiveCfg = Release|x86
		{C77086D3-D29F-442D-B5EB-42C16CDF5703}.Release|x86.Build.0 = Release|x86
		{6BF04A54-6AF9-4EB2-9D73-E0FC1BC01378}.Debug|Any CPU.ActiveCfg = Debug|Any CPU
		{6BF04A54-6AF9-4EB2-9D73-E0FC1BC01378}.Debug|Any CPU.Build.0 = Debug|Any CPU
		{6BF04A54-6AF9-4EB2-9D73-E0FC1BC01378}.Debug|x86.ActiveCfg = Debug|x86
		{6BF04A54-6AF9-4EB2-9D73-E0FC1BC01378}.Debug|x86.Build.0 = Debug|x86
		{6BF04A54-6AF9-4EB2-9D73-E0FC1BC01378}.Release|Any CPU.ActiveCfg = Release|Any CPU
		{6BF04A54-6AF9-4EB2-9D73-E0FC1BC01378}.Release|Any CPU.Build.0 = Release|Any CPU
		{6BF04A54-6AF9-4EB2-9D73-E0FC1BC01378}.Release|x86.ActiveCfg = Release|x86
		{6BF04A54-6AF9-4EB2-9D73-E0FC1BC01378}.Release|x86.Build.0 = Release|x86
	EndGlobalSection
	GlobalSection(SolutionProperties) = preSolution
		HideSolutionNode = FALSE
	EndGlobalSection
	GlobalSection(ExtensibilityGlobals) = postSolution
		SolutionGuid = {8F0F11F7-F700-46BD-BF3F-B3DCED4F6613}
	EndGlobalSection
EndGlobal
